github.com/google/uuid v1.6.0 h1:NIvaJDMOsjHA8n1jAhLSgzrAzy1Hgr+hNrb57e+94F0=
github.com/google/uuid v1.6.0/go.mod h1:TIyPZe4MgqvfeYDBFedMoGGpEw/LqOeaOT+nhxU+yHo=
github.com/mrz1836/go-sanitize v1.5.0 h1:sKkmKREt7PhSs8B+KUAvmDtxabk/ayGXcPIxEBMtKr0=
github.com/mrz1836/go-sanitize v1.5.0/go.mod h1:w3j9KyYxbIGwzNKaMvTXpz2LW8YrOHkrXKHRXVeL07I=
